
Microsoft Visual Studio Solution File, Format Version 12.00
# Visual Studio Version 16
VisualStudioVersion = 16.0.30517.126
MinimumVisualStudioVersion = 10.0.40219.1
Project("{FAE04EC0-301F-11D3-BF4B-00C04F79EFBC}") = "HelloASPDotNET", "HelloASPDotNET\HelloASPDotNET.csproj", "{0061CB70-796A-457C-B221-17BAA92FDCF7}"
EndProject
Global
	GlobalSection(SolutionConfigurationPlatforms) = preSolution
		Debug|Any CPU = Debug|Any CPU
		Release|Any CPU = Release|Any CPU
	EndGlobalSection
	GlobalSection(ProjectConfigurationPlatforms) = postSolution
		{0061CB70-796A-457C-B221-17BAA92FDCF7}.Debug|Any CPU.ActiveCfg = Debug|Any CPU
		{0061CB70-796A-457C-B221-17BAA92FDCF7}.Debug|Any CPU.Build.0 = Debug|Any CPU
		{0061CB70-796A-457C-B221-17BAA92FDCF7}.Release|Any CPU.ActiveCfg = Release|Any CPU
		{0061CB70-796A-457C-B221-17BAA92FDCF7}.Release|Any CPU.Build.0 = Release|Any CPU
	EndGlobalSection
	GlobalSection(SolutionProperties) = preSolution
		HideSolutionNode = FALSE
	EndGlobalSection
	GlobalSection(ExtensibilityGlobals) = postSolution
		SolutionGuid = {D9CE7E5C-72A3-425C-8E9D-913A370B3475}
	EndGlobalSection
EndGlobal
